
Microsoft Visual Studio Solution File, Format Version 12.00
# Visual Studio Version 17
VisualStudioVersion = 17.13.35825.156 d17.13
MinimumVisualStudioVersion = 10.0.40219.1
Project("{FAE04EC0-301F-11D3-BF4B-00C04F79EFBC}") = "RuychWeb", "RuychWeb\RuychWeb.csproj", "{C3C68264-6DC1-4032-9579-7525B231922D}"
EndProject
Global
	GlobalSection(SolutionConfigurationPlatforms) = preSolution
		Debug|Any CPU = Debug|Any CPU
		Release|Any CPU = Release|Any CPU
	EndGlobalSection
	GlobalSection(ProjectConfigurationPlatforms) = postSolution
		{C3C68264-6DC1-4032-9579-7525B231922D}.Debug|Any CPU.ActiveCfg = Debug|Any CPU
		{C3C68264-6DC1-4032-9579-7525B231922D}.Debug|Any CPU.Build.0 = Debug|Any CPU
		{C3C68264-6DC1-4032-9579-7525B231922D}.Release|Any CPU.ActiveCfg = Release|Any CPU
		{C3C68264-6DC1-4032-9579-7525B231922D}.Release|Any CPU.Build.0 = Release|Any CPU
	EndGlobalSection
	GlobalSection(SolutionProperties) = preSolution
		HideSolutionNode = FALSE
	EndGlobalSection
	GlobalSection(ExtensibilityGlobals) = postSolution
		SolutionGuid = {7F5B4165-96EF-42A5-B27C-4BB185180493}
	EndGlobalSection
EndGlobal
